
Microsoft Visual Studio Solution File, Format Version 12.00
# Visual Studio Version 17
VisualStudioVersion = 17.9.34728.123
MinimumVisualStudioVersion = 10.0.40219.1
Project("{FAE04EC0-301F-11D3-BF4B-00C04F79EFBC}") = "Ejercicio1", "Ejercicio1\Ejercicio1.csproj", "{10340345-1168-4B4E-9859-D2AE0241CCED}"
EndProject
Project("{FAE04EC0-301F-11D3-BF4B-00C04F79EFBC}") = "Ejercicio2", "Ejercicio2\Ejercicio2.csproj", "{3185B7EB-2767-4297-8446-BB639D8DBC53}"
EndProject
Project("{FAE04EC0-301F-11D3-BF4B-00C04F79EFBC}") = "Ejercicio3", "Ejercicio3\Ejercicio3.csproj", "{78E49B3F-9AFC-4DD1-8E25-FC79121BEF3C}"
EndProject
Global
	GlobalSection(SolutionConfigurationPlatforms) = preSolution
		Debug|Any CPU = Debug|Any CPU
		Release|Any CPU = Release|Any CPU
	EndGlobalSection
	GlobalSection(ProjectConfigurationPlatforms) = postSolution
		{10340345-1168-4B4E-9859-D2AE0241CCED}.Debug|Any CPU.ActiveCfg = Debug|Any CPU
		{10340345-1168-4B4E-9859-D2AE0241CCED}.Debug|Any CPU.Build.0 = Debug|Any CPU
		{10340345-1168-4B4E-9859-D2AE0241CCED}.Release|Any CPU.ActiveCfg = Release|Any CPU
		{10340345-1168-4B4E-9859-D2AE0241CCED}.Release|Any CPU.Build.0 = Release|Any CPU
		{3185B7EB-2767-4297-8446-BB639D8DBC53}.Debug|Any CPU.ActiveCfg = Debug|Any CPU
		{3185B7EB-2767-4297-8446-BB639D8DBC53}.Debug|Any CPU.Build.0 = Debug|Any CPU
		{3185B7EB-2767-4297-8446-BB639D8DBC53}.Release|Any CPU.ActiveCfg = Release|Any CPU
		{3185B7EB-2767-4297-8446-BB639D8DBC53}.Release|Any CPU.Build.0 = Release|Any CPU
		{78E49B3F-9AFC-4DD1-8E25-FC79121BEF3C}.Debug|Any CPU.ActiveCfg = Debug|Any CPU
		{78E49B3F-9AFC-4DD1-8E25-FC79121BEF3C}.Debug|Any CPU.Build.0 = Debug|Any CPU
		{78E49B3F-9AFC-4DD1-8E25-FC79121BEF3C}.Release|Any CPU.ActiveCfg = Release|Any CPU
		{78E49B3F-9AFC-4DD1-8E25-FC79121BEF3C}.Release|Any CPU.Build.0 = Release|Any CPU
	EndGlobalSection
	GlobalSection(SolutionProperties) = preSolution
		HideSolutionNode = FALSE
	EndGlobalSection
	GlobalSection(ExtensibilityGlobals) = postSolution
		SolutionGuid = {A300BD9A-BDC0-49E2-B549-20FB8C2846E3}
	EndGlobalSection
EndGlobal
