
Microsoft Visual Studio Solution File, Format Version 12.00
# Visual Studio Version 17
VisualStudioVersion = 17.9.34728.123
MinimumVisualStudioVersion = 10.0.40219.1
Project("{FAE04EC0-301F-11D3-BF4B-00C04F79EFBC}") = "Ejercicio1", "Ejercicio1\Ejercicio1.csproj", "{10340345-1168-4B4E-9859-D2AE0241CCED}"
EndProject
Project("{FAE04EC0-301F-11D3-BF4B-00C04F79EFBC}") = "Ejercicio2", "Ejercicio2\Ejercicio2.csproj", "{3185B7EB-2767-4297-8446-BB639D8DBC53}"
EndProject
Project("{FAE04EC0-301F-11D3-BF4B-00C04F79EFBC}") = "Ejercicio3", "Ejercicio3\Ejercicio3.csproj", "{78E49B3F-9AFC-4DD1-8E25-FC79121BEF3C}"
EndProject
Project("{FAE04EC0-301F-11D3-BF4B-00C04F79EFBC}") = "Ejercicio4", "Ejercicio4\Ejercicio4.csproj", "{DC92E457-A5AC-4D30-9B3B-6A91A795DE1B}"
EndProject
Project("{FAE04EC0-301F-11D3-BF4B-00C04F79EFBC}") = "Ejercicio5", "Ejercicio5\Ejercicio5.csproj", "{AEB21FC5-14A1-4E05-B9DA-C322E30146BD}"
EndProject
Project("{FAE04EC0-301F-11D3-BF4B-00C04F79EFBC}") = "Ejercicio6", "Ejercicio6\Ejercicio6.csproj", "{77665694-2CB4-415B-A5C3-7A8CDBFD4B88}"
EndProject
Project("{FAE04EC0-301F-11D3-BF4B-00C04F79EFBC}") = "Ejercicio7", "Ejercicio7\Ejercicio7.csproj", "{B39B06F0-5861-4D97-917C-C2E981160081}"
EndProject
Global
	GlobalSection(SolutionConfigurationPlatforms) = preSolution
		Debug|Any CPU = Debug|Any CPU
		Release|Any CPU = Release|Any CPU
	EndGlobalSection
	GlobalSection(ProjectConfigurationPlatforms) = postSolution
		{10340345-1168-4B4E-9859-D2AE0241CCED}.Debug|Any CPU.ActiveCfg = Debug|Any CPU
		{10340345-1168-4B4E-9859-D2AE0241CCED}.Debug|Any CPU.Build.0 = Debug|Any CPU
		{10340345-1168-4B4E-9859-D2AE0241CCED}.Release|Any CPU.ActiveCfg = Release|Any CPU
		{10340345-1168-4B4E-9859-D2AE0241CCED}.Release|Any CPU.Build.0 = Release|Any CPU
		{3185B7EB-2767-4297-8446-BB639D8DBC53}.Debug|Any CPU.ActiveCfg = Debug|Any CPU
		{3185B7EB-2767-4297-8446-BB639D8DBC53}.Debug|Any CPU.Build.0 = Debug|Any CPU
		{3185B7EB-2767-4297-8446-BB639D8DBC53}.Release|Any CPU.ActiveCfg = Release|Any CPU
		{3185B7EB-2767-4297-8446-BB639D8DBC53}.Release|Any CPU.Build.0 = Release|Any CPU
		{78E49B3F-9AFC-4DD1-8E25-FC79121BEF3C}.Debug|Any CPU.ActiveCfg = Debug|Any CPU
		{78E49B3F-9AFC-4DD1-8E25-FC79121BEF3C}.Debug|Any CPU.Build.0 = Debug|Any CPU
		{78E49B3F-9AFC-4DD1-8E25-FC79121BEF3C}.Release|Any CPU.ActiveCfg = Release|Any CPU
		{78E49B3F-9AFC-4DD1-8E25-FC79121BEF3C}.Release|Any CPU.Build.0 = Release|Any CPU
		{DC92E457-A5AC-4D30-9B3B-6A91A795DE1B}.Debug|Any CPU.ActiveCfg = Debug|Any CPU
		{DC92E457-A5AC-4D30-9B3B-6A91A795DE1B}.Debug|Any CPU.Build.0 = Debug|Any CPU
		{DC92E457-A5AC-4D30-9B3B-6A91A795DE1B}.Release|Any CPU.ActiveCfg = Release|Any CPU
		{DC92E457-A5AC-4D30-9B3B-6A91A795DE1B}.Release|Any CPU.Build.0 = Release|Any CPU
		{AEB21FC5-14A1-4E05-B9DA-C322E30146BD}.Debug|Any CPU.ActiveCfg = Debug|Any CPU
		{AEB21FC5-14A1-4E05-B9DA-C322E30146BD}.Debug|Any CPU.Build.0 = Debug|Any CPU
		{AEB21FC5-14A1-4E05-B9DA-C322E30146BD}.Release|Any CPU.ActiveCfg = Release|Any CPU
		{AEB21FC5-14A1-4E05-B9DA-C322E30146BD}.Release|Any CPU.Build.0 = Release|Any CPU
		{77665694-2CB4-415B-A5C3-7A8CDBFD4B88}.Debug|Any CPU.ActiveCfg = Debug|Any CPU
		{77665694-2CB4-415B-A5C3-7A8CDBFD4B88}.Debug|Any CPU.Build.0 = Debug|Any CPU
		{77665694-2CB4-415B-A5C3-7A8CDBFD4B88}.Release|Any CPU.ActiveCfg = Release|Any CPU
		{77665694-2CB4-415B-A5C3-7A8CDBFD4B88}.Release|Any CPU.Build.0 = Release|Any CPU
		{B39B06F0-5861-4D97-917C-C2E981160081}.Debug|Any CPU.ActiveCfg = Debug|Any CPU
		{B39B06F0-5861-4D97-917C-C2E981160081}.Debug|Any CPU.Build.0 = Debug|Any CPU
		{B39B06F0-5861-4D97-917C-C2E981160081}.Release|Any CPU.ActiveCfg = Release|Any CPU
		{B39B06F0-5861-4D97-917C-C2E981160081}.Release|Any CPU.Build.0 = Release|Any CPU
	EndGlobalSection
	GlobalSection(SolutionProperties) = preSolution
		HideSolutionNode = FALSE
	EndGlobalSection
	GlobalSection(ExtensibilityGlobals) = postSolution
		SolutionGuid = {A300BD9A-BDC0-49E2-B549-20FB8C2846E3}
	EndGlobalSection
EndGlobal
